
Microsoft Visual Studio Solution File, Format Version 12.00
# Visual Studio Version 17
VisualStudioVersion = 17.5.33627.172
MinimumVisualStudioVersion = 10.0.40219.1
Project("{FAE04EC0-301F-11D3-BF4B-00C04F79EFBC}") = "OnlineShoppingManagement", "OnlineShoppingManagement.csproj", "{9F9255E3-1C4E-4CE4-83B0-74E80417EAE3}"
EndProject
Global
	GlobalSection(SolutionConfigurationPlatforms) = preSolution
		Debug|Any CPU = Debug|Any CPU
		Release|Any CPU = Release|Any CPU
	EndGlobalSection
	GlobalSection(ProjectConfigurationPlatforms) = postSolution
		{9F9255E3-1C4E-4CE4-83B0-74E80417EAE3}.Debug|Any CPU.ActiveCfg = Debug|Any CPU
		{9F9255E3-1C4E-4CE4-83B0-74E80417EAE3}.Debug|Any CPU.Build.0 = Debug|Any CPU
		{9F9255E3-1C4E-4CE4-83B0-74E80417EAE3}.Release|Any CPU.ActiveCfg = Release|Any CPU
		{9F9255E3-1C4E-4CE4-83B0-74E80417EAE3}.Release|Any CPU.Build.0 = Release|Any CPU
	EndGlobalSection
	GlobalSection(SolutionProperties) = preSolution
		HideSolutionNode = FALSE
	EndGlobalSection
	GlobalSection(ExtensibilityGlobals) = postSolution
		SolutionGuid = {E37EA1EE-9578-4990-9DF5-95BFD7A5B305}
	EndGlobalSection
EndGlobal
